
Microsoft Visual Studio Solution File, Format Version 12.00
# Visual Studio Version 17
VisualStudioVersion = 17.8.34525.116
MinimumVisualStudioVersion = 10.0.40219.1
Project("{9A19103F-16F7-4668-BE54-9A1E7A4F7556}") = "WebApp.SecurityUnderTheHood", "WebApp.SecurityUnderTheHood\WebApp.SecurityUnderTheHood.csproj", "{523D7562-EABC-4896-869C-7E86D0C54B07}"
EndProject
Project("{FAE04EC0-301F-11D3-BF4B-00C04F79EFBC}") = "Web.SecurityAPI", "Web.SecurityAPI\Web.SecurityAPI.csproj", "{36FF30CC-DDFB-442E-AAB2-768448BCD335}"
EndProject
Global
	GlobalSection(SolutionConfigurationPlatforms) = preSolution
		Debug|Any CPU = Debug|Any CPU
		Release|Any CPU = Release|Any CPU
	EndGlobalSection
	GlobalSection(ProjectConfigurationPlatforms) = postSolution
		{523D7562-EABC-4896-869C-7E86D0C54B07}.Debug|Any CPU.ActiveCfg = Debug|Any CPU
		{523D7562-EABC-4896-869C-7E86D0C54B07}.Debug|Any CPU.Build.0 = Debug|Any CPU
		{523D7562-EABC-4896-869C-7E86D0C54B07}.Release|Any CPU.ActiveCfg = Release|Any CPU
		{523D7562-EABC-4896-869C-7E86D0C54B07}.Release|Any CPU.Build.0 = Release|Any CPU
		{36FF30CC-DDFB-442E-AAB2-768448BCD335}.Debug|Any CPU.ActiveCfg = Debug|Any CPU
		{36FF30CC-DDFB-442E-AAB2-768448BCD335}.Debug|Any CPU.Build.0 = Debug|Any CPU
		{36FF30CC-DDFB-442E-AAB2-768448BCD335}.Release|Any CPU.ActiveCfg = Release|Any CPU
		{36FF30CC-DDFB-442E-AAB2-768448BCD335}.Release|Any CPU.Build.0 = Release|Any CPU
	EndGlobalSection
	GlobalSection(SolutionProperties) = preSolution
		HideSolutionNode = FALSE
	EndGlobalSection
	GlobalSection(ExtensibilityGlobals) = postSolution
		SolutionGuid = {CA1910DF-7811-45CA-B70C-37D59B059CAB}
	EndGlobalSection
EndGlobal
